// !$*UTF8*$!
{
	archiveVersion = 1;
	classes = {
	};
	objectVersion = 77;
	objects = {

/* Begin PBXContainerItemProxy section */
		275AE9322DF62E8300BEC39D /* PBXContainerItemProxy */ = {
			isa = PBXContainerItemProxy;
			containerPortal = 275AE91C2DF62E8200BEC39D /* Project object */;
			proxyType = 1;
			remoteGlobalIDString = 275AE9232DF62E8200BEC39D;
			remoteInfo = CoopTrackingApp;
		};
		275AE93C2DF62E8300BEC39D /* PBXContainerItemProxy */ = {
			isa = PBXContainerItemProxy;
			containerPortal = 275AE91C2DF62E8200BEC39D /* Project object */;
			proxyType = 1;
			remoteGlobalIDString = 275AE9232DF62E8200BEC39D;
			remoteInfo = CoopTrackingApp;
		};
/* End PBXContainerItemProxy section */

/* Begin PBXFileReference section */
		275AE9242DF62E8200BEC39D /* CoopTrackingApp.app */ = {isa = PBXFileReference; explicitFileType = wrapper.application; includeInIndex = 0; path = CoopTrackingApp.app; sourceTree = BUILT_PRODUCTS_DIR; };
		275AE9312DF62E8300BEC39D /* CoopTrackingAppTests.xctest */ = {isa = PBXFileReference; explicitFileType = wrapper.cfbundle; includeInIndex = 0; path = CoopTrackingAppTests.xctest; sourceTree = BUILT_PRODUCTS_DIR; };
		275AE93B2DF62E8300BEC39D /* CoopTrackingAppUITests.xctest */ = {isa = PBXFileReference; explicitFileType = wrapper.cfbundle; includeInIndex = 0; path = CoopTrackingAppUITests.xctest; sourceTree = BUILT_PRODUCTS_DIR; };
/* End PBXFileReference section */

/* Begin PBXFileSystemSynchronizedBuildFileExceptionSet section */
		27E502FD2DF6361300BCD7E4 /* Exceptions for "CoopTrackingApp" folder in "CoopTrackingApp" target */ = {
			isa = PBXFileSystemSynchronizedBuildFileExceptionSet;
			membershipExceptions = (
				Info.plist,
			);
			target = 275AE9232DF62E8200BEC39D /* CoopTrackingApp */;
		};
/* End PBXFileSystemSynchronizedBuildFileExceptionSet section */

/* Begin PBXFileSystemSynchronizedRootGroup section */
		275AE9262DF62E8200BEC39D /* CoopTrackingApp */ = {
			isa = PBXFileSystemSynchronizedRootGroup;
			exceptions = (
				27E502FD2DF6361300BCD7E4 /* Exceptions for "CoopTrackingApp" folder in "CoopTrackingApp" target */,
			);
			path = CoopTrackingApp;
			sourceTree = "<group>";
		};
		275AE9342DF62E8300BEC39D /* CoopTrackingAppTests */ = {
			isa = PBXFileSystemSynchronizedRootGroup;
			path = CoopTrackingAppTests;
			sourceTree = "<group>";
		};
		275AE93E2DF62E8300BEC39D /* CoopTrackingAppUITests */ = {
			isa = PBXFileSystemSynchronizedRootGroup;
			path = CoopTrackingAppUITests;
			sourceTree = "<group>";
		};
/* End PBXFileSystemSynchronizedRootGroup section */

/* Begin PBXFrameworksBuildPhase section */
		275AE9212DF62E8200BEC39D /* Frameworks */ = {
			isa = PBXFrameworksBuildPhase;
			buildActionMask = 2147483647;
			files = (
			);
			runOnlyForDeploymentPostprocessing = 0;
		};
		275AE92E2DF62E8300BEC39D /* Frameworks */ = {
			isa = PBXFrameworksBuildPhase;
			buildActionMask = 2147483647;
			files = (
			);
			runOnlyForDeploymentPostprocessing = 0;
		};
		275AE9382DF62E8300BEC39D /* Frameworks */ = {
			isa = PBXFrameworksBuildPhase;
			buildActionMask = 2147483647;
			files = (
			);
			runOnlyForDeploymentPostprocessing = 0;
		};
/* End PBXFrameworksBuildPhase section */

/* Begin PBXGroup section */
		275AE91B2DF62E8200BEC39D = {
			isa = PBXGroup;
			children = (
				275AE9262DF62E8200BEC39D /* CoopTrackingApp */,
				275AE9342DF62E8300BEC39D /* CoopTrackingAppTests */,
				275AE93E2DF62E8300BEC39D /* CoopTrackingAppUITests */,
				275AE9252DF62E8200BEC39D /* Products */,
			);
			sourceTree = "<group>";
		};
		275AE9252DF62E8200BEC39D /* Products */ = {
			isa = PBXGroup;
			children = (
				275AE9242DF62E8200BEC39D /* CoopTrackingApp.app */,
				275AE9312DF62E8300BEC39D /* CoopTrackingAppTests.xctest */,
				275AE93B2DF62E8300BEC39D /* CoopTrackingAppUITests.xctest */,
			);
			name = Products;
			sourceTree = "<group>";
		};
/* End PBXGroup section */

/* Begin PBXNativeTarget section */
		275AE9232DF62E8200BEC39D /* CoopTrackingApp */ = {
			isa = PBXNativeTarget;
			buildConfigurationList = 275AE9452DF62E8300BEC39D /* Build configuration list for PBXNativeTarget "CoopTrackingApp" */;
			buildPhases = (
				275AE9202DF62E8200BEC39D /* Sources */,
				275AE9212DF62E8200BEC39D /* Frameworks */,
				275AE9222DF62E8200BEC39D /* Resources */,
			);
			buildRules = (
			);
			dependencies = (
			);
			fileSystemSynchronizedGroups = (
				275AE9262DF62E8200BEC39D /* CoopTrackingApp */,
			);
			name = CoopTrackingApp;
			packageProductDependencies = (
			);
			productName = CoopTrackingApp;
			productReference = 275AE9242DF62E8200BEC39D /* CoopTrackingApp.app */;
			productType = "com.apple.product-type.application";
		};
		275AE9302DF62E8300BEC39D /* CoopTrackingAppTests */ = {
			isa = PBXNativeTarget;
			buildConfigurationList = 275AE9482DF62E8300BEC39D /* Build configuration list for PBXNativeTarget "CoopTrackingAppTests" */;
			buildPhases = (
				275AE92D2DF62E8300BEC39D /* Sources */,
				275AE92E2DF62E8300BEC39D /* Frameworks */,
				275AE92F2DF62E8300BEC39D /* Resources */,
			);
			buildRules = (
			);
			dependencies = (
				275AE9332DF62E8300BEC39D /* PBXTargetDependency */,
			);
			fileSystemSynchronizedGroups = (
				275AE9342DF62E8300BEC39D /* CoopTrackingAppTests */,
			);
			name = CoopTrackingAppTests;
			packageProductDependencies = (
			);
			productName = CoopTrackingAppTests;
			productReference = 275AE9312DF62E8300BEC39D /* CoopTrackingAppTests.xctest */;
			productType = "com.apple.product-type.bundle.unit-test";
		};
		275AE93A2DF62E8300BEC39D /* CoopTrackingAppUITests */ = {
			isa = PBXNativeTarget;
			buildConfigurationList = 275AE94B2DF62E8300BEC39D /* Build configuration list for PBXNativeTarget "CoopTrackingAppUITests" */;
			buildPhases = (
				275AE9372DF62E8300BEC39D /* Sources */,
				275AE9382DF62E8300BEC39D /* Frameworks */,
				275AE9392DF62E8300BEC39D /* Resources */,
			);
			buildRules = (
			);
			dependencies = (
				275AE93D2DF62E8300BEC39D /* PBXTargetDependency */,
			);
			fileSystemSynchronizedGroups = (
				275AE93E2DF62E8300BEC39D /* CoopTrackingAppUITests */,
			);
			name = CoopTrackingAppUITests;
			packageProductDependencies = (
			);
			productName = CoopTrackingAppUITests;
			productReference = 275AE93B2DF62E8300BEC39D /* CoopTrackingAppUITests.xctest */;
			productType = "com.apple.product-type.bundle.ui-testing";
		};
/* End PBXNativeTarget section */

/* Begin PBXProject section */
		275AE91C2DF62E8200BEC39D /* Project object */ = {
			isa = PBXProject;
			attributes = {
				BuildIndependentTargetsInParallel = 1;
				LastSwiftUpdateCheck = 1640;
				LastUpgradeCheck = 1640;
				TargetAttributes = {
					275AE9232DF62E8200BEC39D = {
						CreatedOnToolsVersion = 16.4;
					};
					275AE9302DF62E8300BEC39D = {
						CreatedOnToolsVersion = 16.4;
						TestTargetID = 275AE9232DF62E8200BEC39D;
					};
					275AE93A2DF62E8300BEC39D = {
						CreatedOnToolsVersion = 16.4;
						TestTargetID = 275AE9232DF62E8200BEC39D;
					};
				};
			};
			buildConfigurationList = 275AE91F2DF62E8200BEC39D /* Build configuration list for PBXProject "CoopTrackingApp" */;
			developmentRegion = en;
			hasScannedForEncodings = 0;
			knownRegions = (
				en,
				Base,
			);
			mainGroup = 275AE91B2DF62E8200BEC39D;
			minimizedProjectReferenceProxies = 1;
			preferredProjectObjectVersion = 77;
			productRefGroup = 275AE9252DF62E8200BEC39D /* Products */;
			projectDirPath = "";
			projectRoot = "";
			targets = (
				275AE9232DF62E8200BEC39D /* CoopTrackingApp */,
				275AE9302DF62E8300BEC39D /* CoopTrackingAppTests */,
				275AE93A2DF62E8300BEC39D /* CoopTrackingAppUITests */,
			);
		};
/* End PBXProject section */

/* Begin PBXResourcesBuildPhase section */
		275AE9222DF62E8200BEC39D /* Resources */ = {
			isa = PBXResourcesBuildPhase;
			buildActionMask = 2147483647;
			files = (
			);
			runOnlyForDeploymentPostprocessing = 0;
		};
		275AE92F2DF62E8300BEC39D /* Resources */ = {
			isa = PBXResourcesBuildPhase;
			buildActionMask = 2147483647;
			files = (
			);
			runOnlyForDeploymentPostprocessing = 0;
		};
		275AE9392DF62E8300BEC39D /* Resources */ = {
			isa = PBXResourcesBuildPhase;
			buildActionMask = 2147483647;
			files = (
			);
			runOnlyForDeploymentPostprocessing = 0;
		};
/* End PBXResourcesBuildPhase section */

/* Begin PBXSourcesBuildPhase section */
		275AE9202DF62E8200BEC39D /* Sources */ = {
			isa = PBXSourcesBuildPhase;
			buildActionMask = 2147483647;
			files = (
			);
			runOnlyForDeploymentPostprocessing = 0;
		};
		275AE92D2DF62E8300BEC39D /* Sources */ = {
			isa = PBXSourcesBuildPhase;
			buildActionMask = 2147483647;
			files = (
			);
			runOnlyForDeploymentPostprocessing = 0;
		};
		275AE9372DF62E8300BEC39D /* Sources */ = {
			isa = PBXSourcesBuildPhase;
			buildActionMask = 2147483647;
			files = (
			);
			runOnlyForDeploymentPostprocessing = 0;
		};
/* End PBXSourcesBuildPhase section */

/* Begin PBXTargetDependency section */
		275AE9332DF62E8300BEC39D /* PBXTargetDependency */ = {
			isa = PBXTargetDependency;
			target = 275AE9232DF62E8200BEC39D /* CoopTrackingApp */;
			targetProxy = 275AE9322DF62E8300BEC39D /* PBXContainerItemProxy */;
		};
		275AE93D2DF62E8300BEC39D /* PBXTargetDependency */ = {
			isa = PBXTargetDependency;
			target = 275AE9232DF62E8200BEC39D /* CoopTrackingApp */;
			targetProxy = 275AE93C2DF62E8300BEC39D /* PBXContainerItemProxy */;
		};
/* End PBXTargetDependency section */

/* Begin XCBuildConfiguration section */
		275AE9432DF62E8300BEC39D /* Debug */ = {
			isa = XCBuildConfiguration;
			buildSettings = {
				ALWAYS_SEARCH_USER_PATHS = NO;
				ASSETCATALOG_COMPILER_GENERATE_SWIFT_ASSET_SYMBOL_EXTENSIONS = YES;
				CLANG_ANALYZER_NONNULL = YES;
				CLANG_ANALYZER_NUMBER_OBJECT_CONVERSION = YES_AGGRESSIVE;
				CLANG_CXX_LANGUAGE_STANDARD = "gnu++20";
				CLANG_ENABLE_MODULES = YES;
				CLANG_ENABLE_OBJC_ARC = YES;
				CLANG_ENABLE_OBJC_WEAK = YES;
				CLANG_WARN_BLOCK_CAPTURE_AUTORELEASING = YES;
				CLANG_WARN_BOOL_CONVERSION = YES;
				CLANG_WARN_COMMA = YES;
				CLANG_WARN_CONSTANT_CONVERSION = YES;
				CLANG_WARN_DEPRECATED_OBJC_IMPLEMENTATIONS = YES;
				CLANG_WARN_DIRECT_OBJC_ISA_USAGE = YES_ERROR;
				CLANG_WARN_DOCUMENTATION_COMMENTS = YES;
				CLANG_WARN_EMPTY_BODY = YES;
				CLANG_WARN_ENUM_CONVERSION = YES;
				CLANG_WARN_INFINITE_RECURSION = YES;
				CLANG_WARN_INT_CONVERSION = YES;
				CLANG_WARN_NON_LITERAL_NULL_CONVERSION = YES;
				CLANG_WARN_OBJC_IMPLICIT_RETAIN_SELF = YES;
				CLANG_WARN_OBJC_LITERAL_CONVERSION = YES;
				CLANG_WARN_OBJC_ROOT_CLASS = YES_ERROR;
				CLANG_WARN_QUOTED_INCLUDE_IN_FRAMEWORK_HEADER = YES;
				CLANG_WARN_RANGE_LOOP_ANALYSIS = YES;
				CLANG_WARN_STRICT_PROTOTYPES = YES;
				CLANG_WARN_SUSPICIOUS_MOVE = YES;
				CLANG_WARN_UNGUARDED_AVAILABILITY = YES_AGGRESSIVE;
				CLANG_WARN_UNREACHABLE_CODE = YES;
				CLANG_WARN__DUPLICATE_METHOD_MATCH = YES;
				COPY_PHASE_STRIP = NO;
				DEBUG_INFORMATION_FORMAT = dwarf;
				DEVELOPMENT_TEAM = WUY944G9M7;
				ENABLE_STRICT_OBJC_MSGSEND = YES;
				ENABLE_TESTABILITY = YES;
				ENABLE_USER_SCRIPT_SANDBOXING = YES;
				GCC_C_LANGUAGE_STANDARD = gnu17;
				GCC_DYNAMIC_NO_PIC = NO;
				GCC_NO_COMMON_BLOCKS = YES;
				GCC_OPTIMIZATION_LEVEL = 0;
				GCC_PREPROCESSOR_DEFINITIONS = (
					"DEBUG=1",
					"$(inherited)",
				);
				GCC_WARN_64_TO_32_BIT_CONVERSION = YES;
				GCC_WARN_ABOUT_RETURN_TYPE = YES_ERROR;
				GCC_WARN_UNDECLARED_SELECTOR = YES;
				GCC_WARN_UNINITIALIZED_AUTOS = YES_AGGRESSIVE;
				GCC_WARN_UNUSED_FUNCTION = YES;
				GCC_WARN_UNUSED_VARIABLE = YES;
				IPHONEOS_DEPLOYMENT_TARGET = 18.5;
				LOCALIZATION_PREFERS_STRING_CATALOGS = YES;
				MTL_ENABLE_DEBUG_INFO = INCLUDE_SOURCE;
				MTL_FAST_MATH = YES;
				ONLY_ACTIVE_ARCH = YES;
				SDKROOT = iphoneos;
				SWIFT_ACTIVE_COMPILATION_CONDITIONS = "DEBUG $(inherited)";
				SWIFT_OPTIMIZATION_LEVEL = "-Onone";
			};
			name = Debug;
		};
		275AE9442DF62E8300BEC39D /* Release */ = {
			isa = XCBuildConfiguration;
			buildSettings = {
				ALWAYS_SEARCH_USER_PATHS = NO;
				ASSETCATALOG_COMPILER_GENERATE_SWIFT_ASSET_SYMBOL_EXTENSIONS = YES;
				CLANG_ANALYZER_NONNULL = YES;
				CLANG_ANALYZER_NUMBER_OBJECT_CONVERSION = YES_AGGRESSIVE;
				CLANG_CXX_LANGUAGE_STANDARD = "gnu++20";
				CLANG_ENABLE_MODULES = YES;
				CLANG_ENABLE_OBJC_ARC = YES;
				CLANG_ENABLE_OBJC_WEAK = YES;
				CLANG_WARN_BLOCK_CAPTURE_AUTORELEASING = YES;
				CLANG_WARN_BOOL_CONVERSION = YES;
				CLANG_WARN_COMMA = YES;
				CLANG_WARN_CONSTANT_CONVERSION = YES;
				CLANG_WARN_DEPRECATED_OBJC_IMPLEMENTATIONS = YES;
				CLANG_WARN_DIRECT_OBJC_ISA_USAGE = YES_ERROR;
				CLANG_WARN_DOCUMENTATION_COMMENTS = YES;
				CLANG_WARN_EMPTY_BODY = YES;
				CLANG_WARN_ENUM_CONVERSION = YES;
				CLANG_WARN_INFINITE_RECURSION = YES;
				CLANG_WARN_INT_CONVERSION = YES;
				CLANG_WARN_NON_LITERAL_NULL_CONVERSION = YES;
				CLANG_WARN_OBJC_IMPLICIT_RETAIN_SELF = YES;
				CLANG_WARN_OBJC_LITERAL_CONVERSION = YES;
				CLANG_WARN_OBJC_ROOT_CLASS = YES_ERROR;
				CLANG_WARN_QUOTED_INCLUDE_IN_FRAMEWORK_HEADER = YES;
				CLANG_WARN_RANGE_LOOP_ANALYSIS = YES;
				CLANG_WARN_STRICT_PROTOTYPES = YES;
				CLANG_WARN_SUSPICIOUS_MOVE = YES;
				CLANG_WARN_UNGUARDED_AVAILABILITY = YES_AGGRESSIVE;
				CLANG_WARN_UNREACHABLE_CODE = YES;
				CLANG_WARN__DUPLICATE_METHOD_MATCH = YES;
				COPY_PHASE_STRIP = NO;
				DEBUG_INFORMATION_FORMAT = "dwarf-with-dsym";
				DEVELOPMENT_TEAM = WUY944G9M7;
				ENABLE_NS_ASSERTIONS = NO;
				ENABLE_STRICT_OBJC_MSGSEND = YES;
				ENABLE_USER_SCRIPT_SANDBOXING = YES;
				GCC_C_LANGUAGE_STANDARD = gnu17;
				GCC_NO_COMMON_BLOCKS = YES;
				GCC_WARN_64_TO_32_BIT_CONVERSION = YES;
				GCC_WARN_ABOUT_RETURN_TYPE = YES_ERROR;
				GCC_WARN_UNDECLARED_SELECTOR = YES;
				GCC_WARN_UNINITIALIZED_AUTOS = YES_AGGRESSIVE;
				GCC_WARN_UNUSED_FUNCTION = YES;
				GCC_WARN_UNUSED_VARIABLE = YES;
				IPHONEOS_DEPLOYMENT_TARGET = 18.5;
				LOCALIZATION_PREFERS_STRING_CATALOGS = YES;
				MTL_ENABLE_DEBUG_INFO = NO;
				MTL_FAST_MATH = YES;
				SDKROOT = iphoneos;
				SWIFT_COMPILATION_MODE = wholemodule;
				VALIDATE_PRODUCT = YES;
			};
			name = Release;
		};
		275AE9462DF62E8300BEC39D /* Debug */ = {
			isa = XCBuildConfiguration;
			buildSettings = {
				ASSETCATALOG_COMPILER_APPICON_NAME = AppIcon;
				ASSETCATALOG_COMPILER_GLOBAL_ACCENT_COLOR_NAME = AccentColor;
				CODE_SIGN_STYLE = Automatic;
				CURRENT_PROJECT_VERSION = 1;
				DEVELOPMENT_TEAM = WUY944G9M7;
				ENABLE_PREVIEWS = YES;
				GENERATE_INFOPLIST_FILE = YES;
				INFOPLIST_FILE = CoopTrackingApp/Info.plist;
				INFOPLIST_KEY_UIApplicationSceneManifest_Generation = YES;
				INFOPLIST_KEY_UIApplicationSupportsIndirectInputEvents = YES;
				INFOPLIST_KEY_UILaunchScreen_Generation = YES;
				INFOPLIST_KEY_UISupportedInterfaceOrientations_iPad = "UIInterfaceOrientationPortrait UIInterfaceOrientationPortraitUpsideDown UIInterfaceOrientationLandscapeLeft UIInterfaceOrientationLandscapeRight";
				INFOPLIST_KEY_UISupportedInterfaceOrientations_iPhone = "UIInterfaceOrientationPortrait UIInterfaceOrientationLandscapeLeft UIInterfaceOrientationLandscapeRight";
				LD_RUNPATH_SEARCH_PATHS = (
					"$(inherited)",
					"@executable_path/Frameworks",
				);
				MARKETING_VERSION = 1.0;
				PRODUCT_BUNDLE_IDENTIFIER = com.chickenindustries.CoopTrackingApp;
				PRODUCT_NAME = "$(TARGET_NAME)";
				SWIFT_EMIT_LOC_STRINGS = YES;
				SWIFT_VERSION = 5.0;
				TARGETED_DEVICE_FAMILY = "1,2";
			};
			name = Debug;
		};
		275AE9472DF62E8300BEC39D /* Release */ = {
			isa = XCBuildConfiguration;
			buildSettings = {
				ASSETCATALOG_COMPILER_APPICON_NAME = AppIcon;
				ASSETCATALOG_COMPILER_GLOBAL_ACCENT_COLOR_NAME = AccentColor;
				CODE_SIGN_STYLE = Automatic;
				CURRENT_PROJECT_VERSION = 1;
				DEVELOPMENT_TEAM = WUY944G9M7;
				ENABLE_PREVIEWS = YES;
				GENERATE_INFOPLIST_FILE = YES;
				INFOPLIST_FILE = CoopTrackingApp/Info.plist;
				INFOPLIST_KEY_UIApplicationSceneManifest_Generation = YES;
				INFOPLIST_KEY_UIApplicationSupportsIndirectInputEvents = YES;
				INFOPLIST_KEY_UILaunchScreen_Generation = YES;
				INFOPLIST_KEY_UISupportedInterfaceOrientations_iPad = "UIInterfaceOrientationPortrait UIInterfaceOrientationPortraitUpsideDown UIInterfaceOrientationLandscapeLeft UIInterfaceOrientationLandscapeRight";
				INFOPLIST_KEY_UISupportedInterfaceOrientations_iPhone = "UIInterfaceOrientationPortrait UIInterfaceOrientationLandscapeLeft UIInterfaceOrientationLandscapeRight";
				LD_RUNPATH_SEARCH_PATHS = (
					"$(inherited)",
					"@executable_path/Frameworks",
				);
				MARKETING_VERSION = 1.0;
				PRODUCT_BUNDLE_IDENTIFIER = com.chickenindustries.CoopTrackingApp;
				PRODUCT_NAME = "$(TARGET_NAME)";
				SWIFT_EMIT_LOC_STRINGS = YES;
				SWIFT_VERSION = 5.0;
				TARGETED_DEVICE_FAMILY = "1,2";
			};
			name = Release;
		};
		275AE9492DF62E8300BEC39D /* Debug */ = {
			isa = XCBuildConfiguration;
			buildSettings = {
				BUNDLE_LOADER = "$(TEST_HOST)";
				CODE_SIGN_STYLE = Automatic;
				CURRENT_PROJECT_VERSION = 1;
				DEVELOPMENT_TEAM = WUY944G9M7;
				GENERATE_INFOPLIST_FILE = YES;
				IPHONEOS_DEPLOYMENT_TARGET = 18.5;
				MARKETING_VERSION = 1.0;
				PRODUCT_BUNDLE_IDENTIFIER = com.chickenindustries.CoopTrackingAppTests;
				PRODUCT_NAME = "$(TARGET_NAME)";
				SWIFT_EMIT_LOC_STRINGS = NO;
				SWIFT_VERSION = 5.0;
				TARGETED_DEVICE_FAMILY = "1,2";
				TEST_HOST = "$(BUILT_PRODUCTS_DIR)/CoopTrackingApp.app/$(BUNDLE_EXECUTABLE_FOLDER_PATH)/CoopTrackingApp";
			};
			name = Debug;
		};
		275AE94A2DF62E8300BEC39D /* Release */ = {
			isa = XCBuildConfiguration;
			buildSettings = {
				BUNDLE_LOADER = "$(TEST_HOST)";
				CODE_SIGN_STYLE = Automatic;
				CURRENT_PROJECT_VERSION = 1;
				DEVELOPMENT_TEAM = WUY944G9M7;
				GENERATE_INFOPLIST_FILE = YES;
				IPHONEOS_DEPLOYMENT_TARGET = 18.5;
				MARKETING_VERSION = 1.0;
				PRODUCT_BUNDLE_IDENTIFIER = com.chickenindustries.CoopTrackingAppTests;
				PRODUCT_NAME = "$(TARGET_NAME)";
				SWIFT_EMIT_LOC_STRINGS = NO;
				SWIFT_VERSION = 5.0;
				TARGETED_DEVICE_FAMILY = "1,2";
				TEST_HOST = "$(BUILT_PRODUCTS_DIR)/CoopTrackingApp.app/$(BUNDLE_EXECUTABLE_FOLDER_PATH)/CoopTrackingApp";
			};
			name = Release;
		};
		275AE94C2DF62E8300BEC39D /* Debug */ = {
			isa = XCBuildConfiguration;
			buildSettings = {
				CODE_SIGN_STYLE = Automatic;
				CURRENT_PROJECT_VERSION = 1;
				DEVELOPMENT_TEAM = WUY944G9M7;
				GENERATE_INFOPLIST_FILE = YES;
				MARKETING_VERSION = 1.0;
				PRODUCT_BUNDLE_IDENTIFIER = com.chickenindustries.CoopTrackingAppUITests;
				PRODUCT_NAME = "$(TARGET_NAME)";
				SWIFT_EMIT_LOC_STRINGS = NO;
				SWIFT_VERSION = 5.0;
				TARGETED_DEVICE_FAMILY = "1,2";
				TEST_TARGET_NAME = CoopTrackingApp;
			};
			name = Debug;
		};
		275AE94D2DF62E8300BEC39D /* Release */ = {
			isa = XCBuildConfiguration;
			buildSettings = {
				CODE_SIGN_STYLE = Automatic;
				CURRENT_PROJECT_VERSION = 1;
				DEVELOPMENT_TEAM = WUY944G9M7;
				GENERATE_INFOPLIST_FILE = YES;
				MARKETING_VERSION = 1.0;
				PRODUCT_BUNDLE_IDENTIFIER = com.chickenindustries.CoopTrackingAppUITests;
				PRODUCT_NAME = "$(TARGET_NAME)";
				SWIFT_EMIT_LOC_STRINGS = NO;
				SWIFT_VERSION = 5.0;
				TARGETED_DEVICE_FAMILY = "1,2";
				TEST_TARGET_NAME = CoopTrackingApp;
			};
			name = Release;
		};
/* End XCBuildConfiguration section */

/* Begin XCConfigurationList section */
		275AE91F2DF62E8200BEC39D /* Build configuration list for PBXProject "CoopTrackingApp" */ = {
			isa = XCConfigurationList;
			buildConfigurations = (
				275AE9432DF62E8300BEC39D /* Debug */,
				275AE9442DF62E8300BEC39D /* Release */,
			);
			defaultConfigurationIsVisible = 0;
			defaultConfigurationName = Release;
		};
		275AE9452DF62E8300BEC39D /* Build configuration list for PBXNativeTarget "CoopTrackingApp" */ = {
			isa = XCConfigurationList;
			buildConfigurations = (
				275AE9462DF62E8300BEC39D /* Debug */,
				275AE9472DF62E8300BEC39D /* Release */,
			);
			defaultConfigurationIsVisible = 0;
			defaultConfigurationName = Release;
		};
		275AE9482DF62E8300BEC39D /* Build configuration list for PBXNativeTarget "CoopTrackingAppTests" */ = {
			isa = XCConfigurationList;
			buildConfigurations = (
				275AE9492DF62E8300BEC39D /* Debug */,
				275AE94A2DF62E8300BEC39D /* Release */,
			);
			defaultConfigurationIsVisible = 0;
			defaultConfigurationName = Release;
		};
		275AE94B2DF62E8300BEC39D /* Build configuration list for PBXNativeTarget "CoopTrackingAppUITests" */ = {
			isa = XCConfigurationList;
			buildConfigurations = (
				275AE94C2DF62E8300BEC39D /* Debug */,
				275AE94D2DF62E8300BEC39D /* Release */,
			);
			defaultConfigurationIsVisible = 0;
			defaultConfigurationName = Release;
		};
/* End XCConfigurationList section */
	};
	rootObject = 275AE91C2DF62E8200BEC39D /* Project object */;
}
